
Microsoft Visual Studio Solution File, Format Version 12.00
# Visual Studio Version 17
VisualStudioVersion = 17.4.33213.308
MinimumVisualStudioVersion = 10.0.40219.1
Project("{FAE04EC0-301F-11D3-BF4B-00C04F79EFBC}") = "PrisonService.Wpf", "PrisonServiceWpf\PrisonService.Wpf.csproj", "{0B751F4C-9A48-4ADB-B6BF-3B9ACDCF296A}"
EndProject
Project("{FAE04EC0-301F-11D3-BF4B-00C04F79EFBC}") = "PrisonService.Data", "PrisonService.Data\PrisonService.Data.csproj", "{50328F86-0299-4684-A472-1DEEAAC4C435}"
EndProject
Project("{FAE04EC0-301F-11D3-BF4B-00C04F79EFBC}") = "PrisonService.Test", "PrisonService.Test\PrisonService.Test.csproj", "{FE4D1C2B-BC40-433E-A5EB-C5D29AEC776F}"
EndProject
Global
	GlobalSection(SolutionConfigurationPlatforms) = preSolution
		Debug|Any CPU = Debug|Any CPU
		Release|Any CPU = Release|Any CPU
	EndGlobalSection
	GlobalSection(ProjectConfigurationPlatforms) = postSolution
		{0B751F4C-9A48-4ADB-B6BF-3B9ACDCF296A}.Debug|Any CPU.ActiveCfg = Debug|Any CPU
		{0B751F4C-9A48-4ADB-B6BF-3B9ACDCF296A}.Debug|Any CPU.Build.0 = Debug|Any CPU
		{0B751F4C-9A48-4ADB-B6BF-3B9ACDCF296A}.Release|Any CPU.ActiveCfg = Release|Any CPU
		{0B751F4C-9A48-4ADB-B6BF-3B9ACDCF296A}.Release|Any CPU.Build.0 = Release|Any CPU
		{50328F86-0299-4684-A472-1DEEAAC4C435}.Debug|Any CPU.ActiveCfg = Debug|Any CPU
		{50328F86-0299-4684-A472-1DEEAAC4C435}.Debug|Any CPU.Build.0 = Debug|Any CPU
		{50328F86-0299-4684-A472-1DEEAAC4C435}.Release|Any CPU.ActiveCfg = Release|Any CPU
		{50328F86-0299-4684-A472-1DEEAAC4C435}.Release|Any CPU.Build.0 = Release|Any CPU
		{FE4D1C2B-BC40-433E-A5EB-C5D29AEC776F}.Debug|Any CPU.ActiveCfg = Debug|Any CPU
		{FE4D1C2B-BC40-433E-A5EB-C5D29AEC776F}.Debug|Any CPU.Build.0 = Debug|Any CPU
		{FE4D1C2B-BC40-433E-A5EB-C5D29AEC776F}.Release|Any CPU.ActiveCfg = Release|Any CPU
		{FE4D1C2B-BC40-433E-A5EB-C5D29AEC776F}.Release|Any CPU.Build.0 = Release|Any CPU
	EndGlobalSection
	GlobalSection(SolutionProperties) = preSolution
		HideSolutionNode = FALSE
	EndGlobalSection
	GlobalSection(ExtensibilityGlobals) = postSolution
		SolutionGuid = {6362F6B3-B0BB-4278-889F-8135ADFB434A}
	EndGlobalSection
EndGlobal
